
Microsoft Visual Studio Solution File, Format Version 12.00
# Visual Studio Version 16
VisualStudioVersion = 16.0.33130.400
MinimumVisualStudioVersion = 10.0.40219.1
Project("{FAE04EC0-301F-11D3-BF4B-00C04F79EFBC}") = "Beverage", "Beverage\Beverage.csproj", "{63899416-AC3C-40A6-B067-C21CC358EB5D}"
EndProject
Global
	GlobalSection(SolutionConfigurationPlatforms) = preSolution
		Debug|Any CPU = Debug|Any CPU
		Release|Any CPU = Release|Any CPU
	EndGlobalSection
	GlobalSection(ProjectConfigurationPlatforms) = postSolution
		{63899416-AC3C-40A6-B067-C21CC358EB5D}.Debug|Any CPU.ActiveCfg = Debug|Any CPU
		{63899416-AC3C-40A6-B067-C21CC358EB5D}.Debug|Any CPU.Build.0 = Debug|Any CPU
		{63899416-AC3C-40A6-B067-C21CC358EB5D}.Release|Any CPU.ActiveCfg = Release|Any CPU
		{63899416-AC3C-40A6-B067-C21CC358EB5D}.Release|Any CPU.Build.0 = Release|Any CPU
	EndGlobalSection
	GlobalSection(SolutionProperties) = preSolution
		HideSolutionNode = FALSE
	EndGlobalSection
	GlobalSection(ExtensibilityGlobals) = postSolution
		SolutionGuid = {F3335243-A4DF-4150-8F93-5D44D53D24D3}
	EndGlobalSection
EndGlobal
